// !$*UTF8*$!
{
	archiveVersion = 1;
	classes = {
	};
	objectVersion = 56;
	objects = {

/* Begin PBXBuildFile section */
		040888C32A6D807300163BF9 /* MarketClockApp.swift in Sources */ = {isa = PBXBuildFile; fileRef = 040888C22A6D807300163BF9 /* MarketClockApp.swift */; };
		040888C52A6D807300163BF9 /* MarketClockFace.swift in Sources */ = {isa = PBXBuildFile; fileRef = 040888C42A6D807300163BF9 /* MarketClockFace.swift */; };
		040888C72A6D807400163BF9 /* Assets.xcassets in Resources */ = {isa = PBXBuildFile; fileRef = 040888C62A6D807400163BF9 /* Assets.xcassets */; };
		040888CB2A6D807400163BF9 /* Preview Assets.xcassets in Resources */ = {isa = PBXBuildFile; fileRef = 040888CA2A6D807400163BF9 /* Preview Assets.xcassets */; };
		040888D42A6D90F000163BF9 /* USASession.swift in Sources */ = {isa = PBXBuildFile; fileRef = 040888D32A6D90F000163BF9 /* USASession.swift */; };
		040888D62A6D910F00163BF9 /* EuropeSession.swift in Sources */ = {isa = PBXBuildFile; fileRef = 040888D52A6D910F00163BF9 /* EuropeSession.swift */; };
		040888D82A6D914400163BF9 /* AsiaSession.swift in Sources */ = {isa = PBXBuildFile; fileRef = 040888D72A6D914400163BF9 /* AsiaSession.swift */; };
		040888DA2A6D917900163BF9 /* PacificSession.swift in Sources */ = {isa = PBXBuildFile; fileRef = 040888D92A6D917900163BF9 /* PacificSession.swift */; };
		043A6FB72A6F09A4003FFE86 /* Ring.swift in Sources */ = {isa = PBXBuildFile; fileRef = 043A6FB62A6F09A4003FFE86 /* Ring.swift */; };
		043A6FB92A6F09C6003FFE86 /* RingShape.swift in Sources */ = {isa = PBXBuildFile; fileRef = 043A6FB82A6F09C6003FFE86 /* RingShape.swift */; };
		043A6FBC2A703B37003FFE86 /* CircleText.swift in Sources */ = {isa = PBXBuildFile; fileRef = 043A6FBB2A703B37003FFE86 /* CircleText.swift */; };
		043A6FBE2A703CD0003FFE86 /* Cyferblat.swift in Sources */ = {isa = PBXBuildFile; fileRef = 043A6FBD2A703CD0003FFE86 /* Cyferblat.swift */; };
		043A6FC32A72EC73003FFE86 /* MiddleSession.swift in Sources */ = {isa = PBXBuildFile; fileRef = 043A6FC22A72EC73003FFE86 /* MiddleSession.swift */; };
		04DE3BC32A73E7E600D019C9 /* InfoView.swift in Sources */ = {isa = PBXBuildFile; fileRef = 04DE3BC22A73E7E600D019C9 /* InfoView.swift */; };
		04DE3BCB2A753C1300D019C9 /* SplashScreen.storyboard in Resources */ = {isa = PBXBuildFile; fileRef = 04DE3BCA2A753C1300D019C9 /* SplashScreen.storyboard */; };
/* End PBXBuildFile section */

/* Begin PBXFileReference section */
		040888BF2A6D807300163BF9 /* MarketClock.app */ = {isa = PBXFileReference; explicitFileType = wrapper.application; includeInIndex = 0; path = MarketClock.app; sourceTree = BUILT_PRODUCTS_DIR; };
		040888C22A6D807300163BF9 /* MarketClockApp.swift */ = {isa = PBXFileReference; lastKnownFileType = sourcecode.swift; path = MarketClockApp.swift; sourceTree = "<group>"; };
		040888C42A6D807300163BF9 /* MarketClockFace.swift */ = {isa = PBXFileReference; lastKnownFileType = sourcecode.swift; path = MarketClockFace.swift; sourceTree = "<group>"; };
		040888C62A6D807400163BF9 /* Assets.xcassets */ = {isa = PBXFileReference; lastKnownFileType = folder.assetcatalog; path = Assets.xcassets; sourceTree = "<group>"; };
		040888C82A6D807400163BF9 /* MarketClock.entitlements */ = {isa = PBXFileReference; lastKnownFileType = text.plist.entitlements; path = MarketClock.entitlements; sourceTree = "<group>"; };
		040888CA2A6D807400163BF9 /* Preview Assets.xcassets */ = {isa = PBXFileReference; lastKnownFileType = folder.assetcatalog; path = "Preview Assets.xcassets"; sourceTree = "<group>"; };
		040888D32A6D90F000163BF9 /* USASession.swift */ = {isa = PBXFileReference; lastKnownFileType = sourcecode.swift; path = USASession.swift; sourceTree = "<group>"; };
		040888D52A6D910F00163BF9 /* EuropeSession.swift */ = {isa = PBXFileReference; lastKnownFileType = sourcecode.swift; path = EuropeSession.swift; sourceTree = "<group>"; };
		040888D72A6D914400163BF9 /* AsiaSession.swift */ = {isa = PBXFileReference; lastKnownFileType = sourcecode.swift; path = AsiaSession.swift; sourceTree = "<group>"; };
		040888D92A6D917900163BF9 /* PacificSession.swift */ = {isa = PBXFileReference; lastKnownFileType = sourcecode.swift; path = PacificSession.swift; sourceTree = "<group>"; };
		043A6FB62A6F09A4003FFE86 /* Ring.swift */ = {isa = PBXFileReference; lastKnownFileType = sourcecode.swift; path = Ring.swift; sourceTree = "<group>"; };
		043A6FB82A6F09C6003FFE86 /* RingShape.swift */ = {isa = PBXFileReference; lastKnownFileType = sourcecode.swift; path = RingShape.swift; sourceTree = "<group>"; };
		043A6FBB2A703B37003FFE86 /* CircleText.swift */ = {isa = PBXFileReference; lastKnownFileType = sourcecode.swift; path = CircleText.swift; sourceTree = "<group>"; };
		043A6FBD2A703CD0003FFE86 /* Cyferblat.swift */ = {isa = PBXFileReference; lastKnownFileType = sourcecode.swift; path = Cyferblat.swift; sourceTree = "<group>"; };
		043A6FC22A72EC73003FFE86 /* MiddleSession.swift */ = {isa = PBXFileReference; lastKnownFileType = sourcecode.swift; path = MiddleSession.swift; sourceTree = "<group>"; };
		04DE3BC22A73E7E600D019C9 /* InfoView.swift */ = {isa = PBXFileReference; lastKnownFileType = sourcecode.swift; path = InfoView.swift; sourceTree = "<group>"; };
		04DE3BCA2A753C1300D019C9 /* SplashScreen.storyboard */ = {isa = PBXFileReference; lastKnownFileType = file.storyboard; path = SplashScreen.storyboard; sourceTree = "<group>"; };
/* End PBXFileReference section */

/* Begin PBXFrameworksBuildPhase section */
		040888BC2A6D807300163BF9 /* Frameworks */ = {
			isa = PBXFrameworksBuildPhase;
			buildActionMask = 2147483647;
			files = (
			);
			runOnlyForDeploymentPostprocessing = 0;
		};
/* End PBXFrameworksBuildPhase section */

/* Begin PBXGroup section */
		040888B62A6D807300163BF9 = {
			isa = PBXGroup;
			children = (
				040888C12A6D807300163BF9 /* MarketClock */,
				040888C02A6D807300163BF9 /* Products */,
			);
			sourceTree = "<group>";
		};
		040888C02A6D807300163BF9 /* Products */ = {
			isa = PBXGroup;
			children = (
				040888BF2A6D807300163BF9 /* MarketClock.app */,
			);
			name = Products;
			sourceTree = "<group>";
		};
		040888C12A6D807300163BF9 /* MarketClock */ = {
			isa = PBXGroup;
			children = (
				040888C22A6D807300163BF9 /* MarketClockApp.swift */,
				040888C42A6D807300163BF9 /* MarketClockFace.swift */,
				04DE3BCA2A753C1300D019C9 /* SplashScreen.storyboard */,
				043A6FC12A705653003FFE86 /* CustomElements */,
				040888DB2A6D917D00163BF9 /* Session */,
				040888C62A6D807400163BF9 /* Assets.xcassets */,
				040888C82A6D807400163BF9 /* MarketClock.entitlements */,
				040888C92A6D807400163BF9 /* Preview Content */,
			);
			path = MarketClock;
			sourceTree = "<group>";
		};
		040888C92A6D807400163BF9 /* Preview Content */ = {
			isa = PBXGroup;
			children = (
				040888CA2A6D807400163BF9 /* Preview Assets.xcassets */,
			);
			path = "Preview Content";
			sourceTree = "<group>";
		};
		040888DB2A6D917D00163BF9 /* Session */ = {
			isa = PBXGroup;
			children = (
				040888D92A6D917900163BF9 /* PacificSession.swift */,
				040888D72A6D914400163BF9 /* AsiaSession.swift */,
				043A6FC22A72EC73003FFE86 /* MiddleSession.swift */,
				040888D52A6D910F00163BF9 /* EuropeSession.swift */,
				040888D32A6D90F000163BF9 /* USASession.swift */,
			);
			path = Session;
			sourceTree = "<group>";
		};
		043A6FC12A705653003FFE86 /* CustomElements */ = {
			isa = PBXGroup;
			children = (
				043A6FB62A6F09A4003FFE86 /* Ring.swift */,
				043A6FB82A6F09C6003FFE86 /* RingShape.swift */,
				043A6FBB2A703B37003FFE86 /* CircleText.swift */,
				043A6FBD2A703CD0003FFE86 /* Cyferblat.swift */,
				04DE3BC22A73E7E600D019C9 /* InfoView.swift */,
			);
			path = CustomElements;
			sourceTree = "<group>";
		};
/* End PBXGroup section */

/* Begin PBXNativeTarget section */
		040888BE2A6D807300163BF9 /* MarketClock */ = {
			isa = PBXNativeTarget;
			buildConfigurationList = 040888CE2A6D807400163BF9 /* Build configuration list for PBXNativeTarget "MarketClock" */;
			buildPhases = (
				040888BB2A6D807300163BF9 /* Sources */,
				040888BC2A6D807300163BF9 /* Frameworks */,
				040888BD2A6D807300163BF9 /* Resources */,
			);
			buildRules = (
			);
			dependencies = (
			);
			name = MarketClock;
			productName = MarketClock;
			productReference = 040888BF2A6D807300163BF9 /* MarketClock.app */;
			productType = "com.apple.product-type.application";
		};
/* End PBXNativeTarget section */

/* Begin PBXProject section */
		040888B72A6D807300163BF9 /* Project object */ = {
			isa = PBXProject;
			attributes = {
				BuildIndependentTargetsInParallel = 1;
				LastSwiftUpdateCheck = 1430;
				LastUpgradeCheck = 1430;
				TargetAttributes = {
					040888BE2A6D807300163BF9 = {
						CreatedOnToolsVersion = 14.3.1;
					};
				};
			};
			buildConfigurationList = 040888BA2A6D807300163BF9 /* Build configuration list for PBXProject "MarketClock" */;
			compatibilityVersion = "Xcode 14.0";
			developmentRegion = en;
			hasScannedForEncodings = 0;
			knownRegions = (
				en,
				Base,
			);
			mainGroup = 040888B62A6D807300163BF9;
			productRefGroup = 040888C02A6D807300163BF9 /* Products */;
			projectDirPath = "";
			projectRoot = "";
			targets = (
				040888BE2A6D807300163BF9 /* MarketClock */,
			);
		};
/* End PBXProject section */

/* Begin PBXResourcesBuildPhase section */
		040888BD2A6D807300163BF9 /* Resources */ = {
			isa = PBXResourcesBuildPhase;
			buildActionMask = 2147483647;
			files = (
				040888CB2A6D807400163BF9 /* Preview Assets.xcassets in Resources */,
				04DE3BCB2A753C1300D019C9 /* SplashScreen.storyboard in Resources */,
				040888C72A6D807400163BF9 /* Assets.xcassets in Resources */,
			);
			runOnlyForDeploymentPostprocessing = 0;
		};
/* End PBXResourcesBuildPhase section */

/* Begin PBXSourcesBuildPhase section */
		040888BB2A6D807300163BF9 /* Sources */ = {
			isa = PBXSourcesBuildPhase;
			buildActionMask = 2147483647;
			files = (
				040888D82A6D914400163BF9 /* AsiaSession.swift in Sources */,
				04DE3BC32A73E7E600D019C9 /* InfoView.swift in Sources */,
				040888D42A6D90F000163BF9 /* USASession.swift in Sources */,
				043A6FBC2A703B37003FFE86 /* CircleText.swift in Sources */,
				040888DA2A6D917900163BF9 /* PacificSession.swift in Sources */,
				043A6FBE2A703CD0003FFE86 /* Cyferblat.swift in Sources */,
				040888C52A6D807300163BF9 /* MarketClockFace.swift in Sources */,
				040888D62A6D910F00163BF9 /* EuropeSession.swift in Sources */,
				043A6FC32A72EC73003FFE86 /* MiddleSession.swift in Sources */,
				043A6FB72A6F09A4003FFE86 /* Ring.swift in Sources */,
				043A6FB92A6F09C6003FFE86 /* RingShape.swift in Sources */,
				040888C32A6D807300163BF9 /* MarketClockApp.swift in Sources */,
			);
			runOnlyForDeploymentPostprocessing = 0;
		};
/* End PBXSourcesBuildPhase section */

/* Begin XCBuildConfiguration section */
		040888CC2A6D807400163BF9 /* Debug */ = {
			isa = XCBuildConfiguration;
			buildSettings = {
				ALWAYS_SEARCH_USER_PATHS = NO;
				CLANG_ANALYZER_NONNULL = YES;
				CLANG_ANALYZER_NUMBER_OBJECT_CONVERSION = YES_AGGRESSIVE;
				CLANG_CXX_LANGUAGE_STANDARD = "gnu++20";
				CLANG_ENABLE_MODULES = YES;
				CLANG_ENABLE_OBJC_ARC = YES;
				CLANG_ENABLE_OBJC_WEAK = YES;
				CLANG_WARN_BLOCK_CAPTURE_AUTORELEASING = YES;
				CLANG_WARN_BOOL_CONVERSION = YES;
				CLANG_WARN_COMMA = YES;
				CLANG_WARN_CONSTANT_CONVERSION = YES;
				CLANG_WARN_DEPRECATED_OBJC_IMPLEMENTATIONS = YES;
				CLANG_WARN_DIRECT_OBJC_ISA_USAGE = YES_ERROR;
				CLANG_WARN_DOCUMENTATION_COMMENTS = YES;
				CLANG_WARN_EMPTY_BODY = YES;
				CLANG_WARN_ENUM_CONVERSION = YES;
				CLANG_WARN_INFINITE_RECURSION = YES;
				CLANG_WARN_INT_CONVERSION = YES;
				CLANG_WARN_NON_LITERAL_NULL_CONVERSION = YES;
				CLANG_WARN_OBJC_IMPLICIT_RETAIN_SELF = YES;
				CLANG_WARN_OBJC_LITERAL_CONVERSION = YES;
				CLANG_WARN_OBJC_ROOT_CLASS = YES_ERROR;
				CLANG_WARN_QUOTED_INCLUDE_IN_FRAMEWORK_HEADER = YES;
				CLANG_WARN_RANGE_LOOP_ANALYSIS = YES;
				CLANG_WARN_STRICT_PROTOTYPES = YES;
				CLANG_WARN_SUSPICIOUS_MOVE = YES;
				CLANG_WARN_UNGUARDED_AVAILABILITY = YES_AGGRESSIVE;
				CLANG_WARN_UNREACHABLE_CODE = YES;
				CLANG_WARN__DUPLICATE_METHOD_MATCH = YES;
				COPY_PHASE_STRIP = NO;
				DEBUG_INFORMATION_FORMAT = dwarf;
				ENABLE_STRICT_OBJC_MSGSEND = YES;
				ENABLE_TESTABILITY = YES;
				GCC_C_LANGUAGE_STANDARD = gnu11;
				GCC_DYNAMIC_NO_PIC = NO;
				GCC_NO_COMMON_BLOCKS = YES;
				GCC_OPTIMIZATION_LEVEL = 0;
				GCC_PREPROCESSOR_DEFINITIONS = (
					"DEBUG=1",
					"$(inherited)",
				);
				GCC_WARN_64_TO_32_BIT_CONVERSION = YES;
				GCC_WARN_ABOUT_RETURN_TYPE = YES_ERROR;
				GCC_WARN_UNDECLARED_SELECTOR = YES;
				GCC_WARN_UNINITIALIZED_AUTOS = YES_AGGRESSIVE;
				GCC_WARN_UNUSED_FUNCTION = YES;
				GCC_WARN_UNUSED_VARIABLE = YES;
				IPHONEOS_DEPLOYMENT_TARGET = 14.7;
				MACOSX_DEPLOYMENT_TARGET = 11.0;
				MTL_ENABLE_DEBUG_INFO = INCLUDE_SOURCE;
				MTL_FAST_MATH = YES;
				ONLY_ACTIVE_ARCH = YES;
				SWIFT_ACTIVE_COMPILATION_CONDITIONS = DEBUG;
				SWIFT_OPTIMIZATION_LEVEL = "-Onone";
			};
			name = Debug;
		};
		040888CD2A6D807400163BF9 /* Release */ = {
			isa = XCBuildConfiguration;
			buildSettings = {
				ALWAYS_SEARCH_USER_PATHS = NO;
				CLANG_ANALYZER_NONNULL = YES;
				CLANG_ANALYZER_NUMBER_OBJECT_CONVERSION = YES_AGGRESSIVE;
				CLANG_CXX_LANGUAGE_STANDARD = "gnu++20";
				CLANG_ENABLE_MODULES = YES;
				CLANG_ENABLE_OBJC_ARC = YES;
				CLANG_ENABLE_OBJC_WEAK = YES;
				CLANG_WARN_BLOCK_CAPTURE_AUTORELEASING = YES;
				CLANG_WARN_BOOL_CONVERSION = YES;
				CLANG_WARN_COMMA = YES;
				CLANG_WARN_CONSTANT_CONVERSION = YES;
				CLANG_WARN_DEPRECATED_OBJC_IMPLEMENTATIONS = YES;
				CLANG_WARN_DIRECT_OBJC_ISA_USAGE = YES_ERROR;
				CLANG_WARN_DOCUMENTATION_COMMENTS = YES;
				CLANG_WARN_EMPTY_BODY = YES;
				CLANG_WARN_ENUM_CONVERSION = YES;
				CLANG_WARN_INFINITE_RECURSION = YES;
				CLANG_WARN_INT_CONVERSION = YES;
				CLANG_WARN_NON_LITERAL_NULL_CONVERSION = YES;
				CLANG_WARN_OBJC_IMPLICIT_RETAIN_SELF = YES;
				CLANG_WARN_OBJC_LITERAL_CONVERSION = YES;
				CLANG_WARN_OBJC_ROOT_CLASS = YES_ERROR;
				CLANG_WARN_QUOTED_INCLUDE_IN_FRAMEWORK_HEADER = YES;
				CLANG_WARN_RANGE_LOOP_ANALYSIS = YES;
				CLANG_WARN_STRICT_PROTOTYPES = YES;
				CLANG_WARN_SUSPICIOUS_MOVE = YES;
				CLANG_WARN_UNGUARDED_AVAILABILITY = YES_AGGRESSIVE;
				CLANG_WARN_UNREACHABLE_CODE = YES;
				CLANG_WARN__DUPLICATE_METHOD_MATCH = YES;
				COPY_PHASE_STRIP = NO;
				DEBUG_INFORMATION_FORMAT = "dwarf-with-dsym";
				ENABLE_NS_ASSERTIONS = NO;
				ENABLE_STRICT_OBJC_MSGSEND = YES;
				GCC_C_LANGUAGE_STANDARD = gnu11;
				GCC_NO_COMMON_BLOCKS = YES;
				GCC_WARN_64_TO_32_BIT_CONVERSION = YES;
				GCC_WARN_ABOUT_RETURN_TYPE = YES_ERROR;
				GCC_WARN_UNDECLARED_SELECTOR = YES;
				GCC_WARN_UNINITIALIZED_AUTOS = YES_AGGRESSIVE;
				GCC_WARN_UNUSED_FUNCTION = YES;
				GCC_WARN_UNUSED_VARIABLE = YES;
				IPHONEOS_DEPLOYMENT_TARGET = 14.7;
				MACOSX_DEPLOYMENT_TARGET = 11.0;
				MTL_ENABLE_DEBUG_INFO = NO;
				MTL_FAST_MATH = YES;
				SWIFT_COMPILATION_MODE = wholemodule;
				SWIFT_OPTIMIZATION_LEVEL = "-O";
			};
			name = Release;
		};
		040888CF2A6D807400163BF9 /* Debug */ = {
			isa = XCBuildConfiguration;
			buildSettings = {
				ASSETCATALOG_COMPILER_APPICON_NAME = AppIcon;
				ASSETCATALOG_COMPILER_GLOBAL_ACCENT_COLOR_NAME = AccentColor;
				ASSETCATALOG_COMPILER_INCLUDE_ALL_APPICON_ASSETS = NO;
				CODE_SIGN_ENTITLEMENTS = MarketClock/MarketClock.entitlements;
				CODE_SIGN_STYLE = Automatic;
				CURRENT_PROJECT_VERSION = 1;
				DEVELOPMENT_ASSET_PATHS = "\"MarketClock/Preview Content\"";
				DEVELOPMENT_TEAM = 3XK355J24V;
				ENABLE_HARDENED_RUNTIME = YES;
				ENABLE_PREVIEWS = YES;
				GENERATE_INFOPLIST_FILE = YES;
				INFOPLIST_KEY_CFBundleDisplayName = "Market Clock";
				"INFOPLIST_KEY_UIApplicationSceneManifest_Generation[sdk=iphoneos*]" = YES;
				"INFOPLIST_KEY_UIApplicationSceneManifest_Generation[sdk=iphonesimulator*]" = YES;
				"INFOPLIST_KEY_UIApplicationSupportsIndirectInputEvents[sdk=iphoneos*]" = YES;
				"INFOPLIST_KEY_UIApplicationSupportsIndirectInputEvents[sdk=iphonesimulator*]" = YES;
				"INFOPLIST_KEY_UILaunchScreen_Generation[sdk=iphoneos*]" = YES;
				"INFOPLIST_KEY_UILaunchScreen_Generation[sdk=iphonesimulator*]" = YES;
				INFOPLIST_KEY_UILaunchStoryboardName = SplashScreen.storyboard;
				"INFOPLIST_KEY_UIStatusBarStyle[sdk=iphoneos*]" = UIStatusBarStyleDefault;
				"INFOPLIST_KEY_UIStatusBarStyle[sdk=iphonesimulator*]" = UIStatusBarStyleDefault;
				INFOPLIST_KEY_UISupportedInterfaceOrientations = UIInterfaceOrientationPortrait;
				INFOPLIST_KEY_UISupportedInterfaceOrientations_iPad = "UIInterfaceOrientationLandscapeRight UIInterfaceOrientationPortrait";
				IPHONEOS_DEPLOYMENT_TARGET = 14.7;
				LD_RUNPATH_SEARCH_PATHS = "@executable_path/Frameworks";
				"LD_RUNPATH_SEARCH_PATHS[sdk=macosx*]" = "@executable_path/../Frameworks";
				MACOSX_DEPLOYMENT_TARGET = 11.0;
				MARKETING_VERSION = 1.0;
				PRODUCT_BUNDLE_IDENTIFIER = gR.MarketClock;
				PRODUCT_NAME = "$(TARGET_NAME)";
				SDKROOT = auto;
				SUPPORTED_PLATFORMS = "iphoneos iphonesimulator macosx";
				SWIFT_EMIT_LOC_STRINGS = YES;
				SWIFT_VERSION = 5.0;
				TARGETED_DEVICE_FAMILY = "1,2";
			};
			name = Debug;
		};
		040888D02A6D807400163BF9 /* Release */ = {
			isa = XCBuildConfiguration;
			buildSettings = {
				ASSETCATALOG_COMPILER_APPICON_NAME = AppIcon;
				ASSETCATALOG_COMPILER_GLOBAL_ACCENT_COLOR_NAME = AccentColor;
				ASSETCATALOG_COMPILER_INCLUDE_ALL_APPICON_ASSETS = NO;
				CODE_SIGN_ENTITLEMENTS = MarketClock/MarketClock.entitlements;
				CODE_SIGN_STYLE = Automatic;
				CURRENT_PROJECT_VERSION = 1;
				DEVELOPMENT_ASSET_PATHS = "\"MarketClock/Preview Content\"";
				DEVELOPMENT_TEAM = 3XK355J24V;
				ENABLE_HARDENED_RUNTIME = YES;
				ENABLE_PREVIEWS = YES;
				GENERATE_INFOPLIST_FILE = YES;
				INFOPLIST_KEY_CFBundleDisplayName = "Market Clock";
				"INFOPLIST_KEY_UIApplicationSceneManifest_Generation[sdk=iphoneos*]" = YES;
				"INFOPLIST_KEY_UIApplicationSceneManifest_Generation[sdk=iphonesimulator*]" = YES;
				"INFOPLIST_KEY_UIApplicationSupportsIndirectInputEvents[sdk=iphoneos*]" = YES;
				"INFOPLIST_KEY_UIApplicationSupportsIndirectInputEvents[sdk=iphonesimulator*]" = YES;
				"INFOPLIST_KEY_UILaunchScreen_Generation[sdk=iphoneos*]" = YES;
				"INFOPLIST_KEY_UILaunchScreen_Generation[sdk=iphonesimulator*]" = YES;
				INFOPLIST_KEY_UILaunchStoryboardName = SplashScreen.storyboard;
				"INFOPLIST_KEY_UIStatusBarStyle[sdk=iphoneos*]" = UIStatusBarStyleDefault;
				"INFOPLIST_KEY_UIStatusBarStyle[sdk=iphonesimulator*]" = UIStatusBarStyleDefault;
				INFOPLIST_KEY_UISupportedInterfaceOrientations = UIInterfaceOrientationPortrait;
				INFOPLIST_KEY_UISupportedInterfaceOrientations_iPad = "UIInterfaceOrientationLandscapeRight UIInterfaceOrientationPortrait";
				IPHONEOS_DEPLOYMENT_TARGET = 14.7;
				LD_RUNPATH_SEARCH_PATHS = "@executable_path/Frameworks";
				"LD_RUNPATH_SEARCH_PATHS[sdk=macosx*]" = "@executable_path/../Frameworks";
				MACOSX_DEPLOYMENT_TARGET = 11.0;
				MARKETING_VERSION = 1.0;
				PRODUCT_BUNDLE_IDENTIFIER = gR.MarketClock;
				PRODUCT_NAME = "$(TARGET_NAME)";
				SDKROOT = auto;
				SUPPORTED_PLATFORMS = "iphoneos iphonesimulator macosx";
				SWIFT_EMIT_LOC_STRINGS = YES;
				SWIFT_VERSION = 5.0;
				TARGETED_DEVICE_FAMILY = "1,2";
			};
			name = Release;
		};
/* End XCBuildConfiguration section */

/* Begin XCConfigurationList section */
		040888BA2A6D807300163BF9 /* Build configuration list for PBXProject "MarketClock" */ = {
			isa = XCConfigurationList;
			buildConfigurations = (
				040888CC2A6D807400163BF9 /* Debug */,
				040888CD2A6D807400163BF9 /* Release */,
			);
			defaultConfigurationIsVisible = 0;
			defaultConfigurationName = Release;
		};
		040888CE2A6D807400163BF9 /* Build configuration list for PBXNativeTarget "MarketClock" */ = {
			isa = XCConfigurationList;
			buildConfigurations = (
				040888CF2A6D807400163BF9 /* Debug */,
				040888D02A6D807400163BF9 /* Release */,
			);
			defaultConfigurationIsVisible = 0;
			defaultConfigurationName = Release;
		};
/* End XCConfigurationList section */
	};
	rootObject = 040888B72A6D807300163BF9 /* Project object */;
}
